
Microsoft Visual Studio Solution File, Format Version 12.00
# Visual Studio Version 17
VisualStudioVersion = 17.1.32319.34
MinimumVisualStudioVersion = 10.0.40219.1
Project("{9A19103F-16F7-4668-BE54-9A1E7A4F7556}") = "E1ZB1C_HFT_2021221.Client", "E1ZB1C_HFT_2021221.client\E1ZB1C_HFT_2021221.Client.csproj", "{BE187D6B-11BD-4FE7-B7DA-984373AABAAF}"
EndProject
Project("{9A19103F-16F7-4668-BE54-9A1E7A4F7556}") = "E1ZB1C_HFT_2021221.Models", "E1ZB1C_HFT_2021221.Models\E1ZB1C_HFT_2021221.Models.csproj", "{01BA320B-ECA9-45ED-AB05-46422CB30728}"
EndProject
Project("{9A19103F-16F7-4668-BE54-9A1E7A4F7556}") = "E1ZB1C_HFT_2021221.Data", "E1ZB1C_HFT_2021221.Data\E1ZB1C_HFT_2021221.Data.csproj", "{4C1BFE47-4A1E-4544-9961-30795C366FF9}"
EndProject
Project("{9A19103F-16F7-4668-BE54-9A1E7A4F7556}") = "E1ZB1C_HFT_2021221.Logic", "E1ZB1C_HFT_2021221.Logic\E1ZB1C_HFT_2021221.Logic.csproj", "{A08D457B-275B-432D-89BA-C9D3C4F81BE8}"
EndProject
Project("{9A19103F-16F7-4668-BE54-9A1E7A4F7556}") = "E1ZB1C_HFT_2021221.Repository", "E1ZB1C_HFT_2021221.Repository\E1ZB1C_HFT_2021221.Repository.csproj", "{9FF3CDCA-9474-431B-9A96-5158C6382E70}"
EndProject
Project("{9A19103F-16F7-4668-BE54-9A1E7A4F7556}") = "E1ZB1C_HFT_2021221.Test", "E1ZB1C_HFT_2021221.Test\E1ZB1C_HFT_2021221.Test.csproj", "{9059D08F-1DA9-4DD9-9DFF-1D02B7D2007C}"
EndProject
Project("{2150E333-8FDC-42A3-9474-1A3956D46DE8}") = "Backend", "Backend", "{9F958B31-D9B1-4F61-8FBB-9160A4D0D8FF}"
EndProject
Project("{2150E333-8FDC-42A3-9474-1A3956D46DE8}") = "Frontend", "Frontend", "{B909B6C3-ECCA-423B-B7A9-71F6F901F518}"
EndProject
Project("{2150E333-8FDC-42A3-9474-1A3956D46DE8}") = "Shared", "Shared", "{DCFA8D56-1FD6-48AF-A6DE-C0333326CCF8}"
EndProject
Project("{2150E333-8FDC-42A3-9474-1A3956D46DE8}") = "Others", "Others", "{19312AC8-BCF2-4DEB-AC8E-9F5F73273A4D}"
	ProjectSection(SolutionItems) = preProject
		.gitignore = .gitignore
	EndProjectSection
EndProject
Project("{9A19103F-16F7-4668-BE54-9A1E7A4F7556}") = "E1ZB1C_HFT_2021221.Endpoint", "E1ZB1C_HFT_2021221.Endpoint\E1ZB1C_HFT_2021221.Endpoint.csproj", "{4BFAD417-5615-4669-8EB6-5F19D133D8B1}"
EndProject
Project("{9A19103F-16F7-4668-BE54-9A1E7A4F7556}") = "E1ZB1C_HFT_2021221.WpfClient", "E1ZB1C_HFT_2021221.WpfClient\E1ZB1C_HFT_2021221.WpfClient.csproj", "{4F303E64-589B-4337-82B3-64D2EA29DE5F}"
EndProject
Project("{FAE04EC0-301F-11D3-BF4B-00C04F79EFBC}") = "E1ZB1C_HFT_2021221.JSClient", "E1ZB1C_HFT_2021221.JSClient\E1ZB1C_HFT_2021221.JSClient.csproj", "{6415A516-F79C-4953-8390-1C4CAC8892F3}"
EndProject
Global
	GlobalSection(SolutionConfigurationPlatforms) = preSolution
		Debug|Any CPU = Debug|Any CPU
		Release|Any CPU = Release|Any CPU
	EndGlobalSection
	GlobalSection(ProjectConfigurationPlatforms) = postSolution
		{BE187D6B-11BD-4FE7-B7DA-984373AABAAF}.Debug|Any CPU.ActiveCfg = Debug|Any CPU
		{BE187D6B-11BD-4FE7-B7DA-984373AABAAF}.Debug|Any CPU.Build.0 = Debug|Any CPU
		{BE187D6B-11BD-4FE7-B7DA-984373AABAAF}.Release|Any CPU.ActiveCfg = Release|Any CPU
		{BE187D6B-11BD-4FE7-B7DA-984373AABAAF}.Release|Any CPU.Build.0 = Release|Any CPU
		{01BA320B-ECA9-45ED-AB05-46422CB30728}.Debug|Any CPU.ActiveCfg = Debug|Any CPU
		{01BA320B-ECA9-45ED-AB05-46422CB30728}.Debug|Any CPU.Build.0 = Debug|Any CPU
		{01BA320B-ECA9-45ED-AB05-46422CB30728}.Release|Any CPU.ActiveCfg = Release|Any CPU
		{01BA320B-ECA9-45ED-AB05-46422CB30728}.Release|Any CPU.Build.0 = Release|Any CPU
		{4C1BFE47-4A1E-4544-9961-30795C366FF9}.Debug|Any CPU.ActiveCfg = Debug|Any CPU
		{4C1BFE47-4A1E-4544-9961-30795C366FF9}.Debug|Any CPU.Build.0 = Debug|Any CPU
		{4C1BFE47-4A1E-4544-9961-30795C366FF9}.Release|Any CPU.ActiveCfg = Release|Any CPU
		{4C1BFE47-4A1E-4544-9961-30795C366FF9}.Release|Any CPU.Build.0 = Release|Any CPU
		{A08D457B-275B-432D-89BA-C9D3C4F81BE8}.Debug|Any CPU.ActiveCfg = Debug|Any CPU
		{A08D457B-275B-432D-89BA-C9D3C4F81BE8}.Debug|Any CPU.Build.0 = Debug|Any CPU
		{A08D457B-275B-432D-89BA-C9D3C4F81BE8}.Release|Any CPU.ActiveCfg = Release|Any CPU
		{A08D457B-275B-432D-89BA-C9D3C4F81BE8}.Release|Any CPU.Build.0 = Release|Any CPU
		{9FF3CDCA-9474-431B-9A96-5158C6382E70}.Debug|Any CPU.ActiveCfg = Debug|Any CPU
		{9FF3CDCA-9474-431B-9A96-5158C6382E70}.Debug|Any CPU.Build.0 = Debug|Any CPU
		{9FF3CDCA-9474-431B-9A96-5158C6382E70}.Release|Any CPU.ActiveCfg = Release|Any CPU
		{9FF3CDCA-9474-431B-9A96-5158C6382E70}.Release|Any CPU.Build.0 = Release|Any CPU
		{9059D08F-1DA9-4DD9-9DFF-1D02B7D2007C}.Debug|Any CPU.ActiveCfg = Debug|Any CPU
		{9059D08F-1DA9-4DD9-9DFF-1D02B7D2007C}.Debug|Any CPU.Build.0 = Debug|Any CPU
		{9059D08F-1DA9-4DD9-9DFF-1D02B7D2007C}.Release|Any CPU.ActiveCfg = Release|Any CPU
		{9059D08F-1DA9-4DD9-9DFF-1D02B7D2007C}.Release|Any CPU.Build.0 = Release|Any CPU
		{4BFAD417-5615-4669-8EB6-5F19D133D8B1}.Debug|Any CPU.ActiveCfg = Debug|Any CPU
		{4BFAD417-5615-4669-8EB6-5F19D133D8B1}.Debug|Any CPU.Build.0 = Debug|Any CPU
		{4BFAD417-5615-4669-8EB6-5F19D133D8B1}.Release|Any CPU.ActiveCfg = Release|Any CPU
		{4BFAD417-5615-4669-8EB6-5F19D133D8B1}.Release|Any CPU.Build.0 = Release|Any CPU
		{4F303E64-589B-4337-82B3-64D2EA29DE5F}.Debug|Any CPU.ActiveCfg = Debug|Any CPU
		{4F303E64-589B-4337-82B3-64D2EA29DE5F}.Debug|Any CPU.Build.0 = Debug|Any CPU
		{4F303E64-589B-4337-82B3-64D2EA29DE5F}.Release|Any CPU.ActiveCfg = Release|Any CPU
		{4F303E64-589B-4337-82B3-64D2EA29DE5F}.Release|Any CPU.Build.0 = Release|Any CPU
		{6415A516-F79C-4953-8390-1C4CAC8892F3}.Debug|Any CPU.ActiveCfg = Debug|Any CPU
		{6415A516-F79C-4953-8390-1C4CAC8892F3}.Debug|Any CPU.Build.0 = Debug|Any CPU
		{6415A516-F79C-4953-8390-1C4CAC8892F3}.Release|Any CPU.ActiveCfg = Release|Any CPU
		{6415A516-F79C-4953-8390-1C4CAC8892F3}.Release|Any CPU.Build.0 = Release|Any CPU
	EndGlobalSection
	GlobalSection(SolutionProperties) = preSolution
		HideSolutionNode = FALSE
	EndGlobalSection
	GlobalSection(NestedProjects) = preSolution
		{BE187D6B-11BD-4FE7-B7DA-984373AABAAF} = {B909B6C3-ECCA-423B-B7A9-71F6F901F518}
		{01BA320B-ECA9-45ED-AB05-46422CB30728} = {DCFA8D56-1FD6-48AF-A6DE-C0333326CCF8}
		{4C1BFE47-4A1E-4544-9961-30795C366FF9} = {9F958B31-D9B1-4F61-8FBB-9160A4D0D8FF}
		{A08D457B-275B-432D-89BA-C9D3C4F81BE8} = {9F958B31-D9B1-4F61-8FBB-9160A4D0D8FF}
		{9FF3CDCA-9474-431B-9A96-5158C6382E70} = {9F958B31-D9B1-4F61-8FBB-9160A4D0D8FF}
		{9059D08F-1DA9-4DD9-9DFF-1D02B7D2007C} = {9F958B31-D9B1-4F61-8FBB-9160A4D0D8FF}
		{4BFAD417-5615-4669-8EB6-5F19D133D8B1} = {9F958B31-D9B1-4F61-8FBB-9160A4D0D8FF}
	EndGlobalSection
	GlobalSection(ExtensibilityGlobals) = postSolution
		SolutionGuid = {49284653-0BE8-4B5C-B6C8-BA46D797D1D8}
	EndGlobalSection
EndGlobal
